// !$*UTF8*$!
{
	archiveVersion = 1;
	classes = {
	};
	objectVersion = 46;
	objects = {

/* Begin PBXBuildFile section */
		BCA5E12A1B4A559200495402 /* main.m in Sources */ = {isa = PBXBuildFile; fileRef = BCA5E1291B4A559200495402 /* main.m */; };
		BCA5E12D1B4A559200495402 /* AppDelegate.m in Sources */ = {isa = PBXBuildFile; fileRef = BCA5E12C1B4A559200495402 /* AppDelegate.m */; };
		BCA5E1301B4A559200495402 /* ViewController.m in Sources */ = {isa = PBXBuildFile; fileRef = BCA5E12F1B4A559200495402 /* ViewController.m */; };
		BCA5E1331B4A559300495402 /* Main.storyboard in Resources */ = {isa = PBXBuildFile; fileRef = BCA5E1311B4A559300495402 /* Main.storyboard */; };
		BCA5E1351B4A559300495402 /* Images.xcassets in Resources */ = {isa = PBXBuildFile; fileRef = BCA5E1341B4A559300495402 /* Images.xcassets */; };
		BCA5E1381B4A559300495402 /* LaunchScreen.xib in Resources */ = {isa = PBXBuildFile; fileRef = BCA5E1361B4A559300495402 /* LaunchScreen.xib */; };
		BCA5E1441B4A559300495402 /* A2WeiBoTests.m in Sources */ = {isa = PBXBuildFile; fileRef = BCA5E1431B4A559300495402 /* A2WeiBoTests.m */; };
		BCA5E1611B4A55A600495402 /* 0.jpeg in Resources */ = {isa = PBXBuildFile; fileRef = BCA5E14F1B4A55A600495402 /* 0.jpeg */; };
		BCA5E1621B4A55A600495402 /* 1.jpeg in Resources */ = {isa = PBXBuildFile; fileRef = BCA5E1501B4A55A600495402 /* 1.jpeg */; };
		BCA5E1631B4A55A600495402 /* 2.jpeg in Resources */ = {isa = PBXBuildFile; fileRef = BCA5E1511B4A55A600495402 /* 2.jpeg */; };
		BCA5E1641B4A55A600495402 /* 3.jpeg in Resources */ = {isa = PBXBuildFile; fileRef = BCA5E1521B4A55A600495402 /* 3.jpeg */; };
		BCA5E1651B4A55A600495402 /* 4.jpeg in Resources */ = {isa = PBXBuildFile; fileRef = BCA5E1531B4A55A600495402 /* 4.jpeg */; };
		BCA5E1661B4A55A600495402 /* 5.jpeg in Resources */ = {isa = PBXBuildFile; fileRef = BCA5E1541B4A55A600495402 /* 5.jpeg */; };
		BCA5E1671B4A55A600495402 /* 6.jpeg in Resources */ = {isa = PBXBuildFile; fileRef = BCA5E1551B4A55A600495402 /* 6.jpeg */; };
		BCA5E1681B4A55A600495402 /* 7.jpeg in Resources */ = {isa = PBXBuildFile; fileRef = BCA5E1561B4A55A600495402 /* 7.jpeg */; };
		BCA5E1691B4A55A600495402 /* 3e9f9ac0gw1etbxj63q2ag207n05me4f.gif in Resources */ = {isa = PBXBuildFile; fileRef = BCA5E1581B4A55A600495402 /* 3e9f9ac0gw1etbxj63q2ag207n05me4f.gif */; };
		BCA5E16A1B4A55A600495402 /* 4165f919gw1etaz2es7avj20c80c80to.jpg in Resources */ = {isa = PBXBuildFile; fileRef = BCA5E1591B4A55A600495402 /* 4165f919gw1etaz2es7avj20c80c80to.jpg */; };
		BCA5E16B1B4A55A600495402 /* 66063a83jw1etbvnc4sobj20hs0hsjta.jpg in Resources */ = {isa = PBXBuildFile; fileRef = BCA5E15A1B4A55A600495402 /* 66063a83jw1etbvnc4sobj20hs0hsjta.jpg */; };
		BCA5E16C1B4A55A600495402 /* 6628711bgw1etbvbrzym1g207f05kb2c.png in Resources */ = {isa = PBXBuildFile; fileRef = BCA5E15B1B4A55A600495402 /* 6628711bgw1etbvbrzym1g207f05kb2c.png */; };
		BCA5E16D1B4A55A600495402 /* 6ca014e5jw1etbxl.png in Resources */ = {isa = PBXBuildFile; fileRef = BCA5E15C1B4A55A600495402 /* 6ca014e5jw1etbxl.png */; };
		BCA5E16E1B4A55A600495402 /* 6ca014e5jw1etbxlg8xprj20lc0motb.jpg in Resources */ = {isa = PBXBuildFile; fileRef = BCA5E15D1B4A55A600495402 /* 6ca014e5jw1etbxlg8xprj20lc0motb.jpg */; };
		BCA5E16F1B4A55A600495402 /* ab419720jw1etbuf2mf6aj20ku0pkq78.jpg in Resources */ = {isa = PBXBuildFile; fileRef = BCA5E15E1B4A55A600495402 /* ab419720jw1etbuf2mf6aj20ku0pkq78.jpg */; };
		BCA5E1701B4A55A600495402 /* statuses.plist in Resources */ = {isa = PBXBuildFile; fileRef = BCA5E15F1B4A55A600495402 /* statuses.plist */; };
		BCA5E1711B4A55A600495402 /* vip.png in Resources */ = {isa = PBXBuildFile; fileRef = BCA5E1601B4A55A600495402 /* vip.png */; };
		BCA5E17A1B4A564200495402 /* YLStatusModel.m in Sources */ = {isa = PBXBuildFile; fileRef = BCA5E1791B4A564200495402 /* YLStatusModel.m */; };
		BCA5E17D1B4A5BF400495402 /* YLStatusCell.m in Sources */ = {isa = PBXBuildFile; fileRef = BCA5E17C1B4A5BF400495402 /* YLStatusCell.m */; };
/* End PBXBuildFile section */

/* Begin PBXContainerItemProxy section */
		BCA5E13E1B4A559300495402 /* PBXContainerItemProxy */ = {
			isa = PBXContainerItemProxy;
			containerPortal = BCA5E11C1B4A559200495402 /* Project object */;
			proxyType = 1;
			remoteGlobalIDString = BCA5E1231B4A559200495402;
			remoteInfo = A2WeiBo;
		};
/* End PBXContainerItemProxy section */

/* Begin PBXFileReference section */
		BCA5E1241B4A559200495402 /* A2WeiBo.app */ = {isa = PBXFileReference; explicitFileType = wrapper.application; includeInIndex = 0; path = A2WeiBo.app; sourceTree = BUILT_PRODUCTS_DIR; };
		BCA5E1281B4A559200495402 /* Info.plist */ = {isa = PBXFileReference; lastKnownFileType = text.plist.xml; path = Info.plist; sourceTree = "<group>"; };
		BCA5E1291B4A559200495402 /* main.m */ = {isa = PBXFileReference; lastKnownFileType = sourcecode.c.objc; path = main.m; sourceTree = "<group>"; };
		BCA5E12B1B4A559200495402 /* AppDelegate.h */ = {isa = PBXFileReference; lastKnownFileType = sourcecode.c.h; path = AppDelegate.h; sourceTree = "<group>"; };
		BCA5E12C1B4A559200495402 /* AppDelegate.m */ = {isa = PBXFileReference; lastKnownFileType = sourcecode.c.objc; path = AppDelegate.m; sourceTree = "<group>"; };
		BCA5E12E1B4A559200495402 /* ViewController.h */ = {isa = PBXFileReference; lastKnownFileType = sourcecode.c.h; path = ViewController.h; sourceTree = "<group>"; };
		BCA5E12F1B4A559200495402 /* ViewController.m */ = {isa = PBXFileReference; lastKnownFileType = sourcecode.c.objc; path = ViewController.m; sourceTree = "<group>"; };
		BCA5E1321B4A559300495402 /* Base */ = {isa = PBXFileReference; lastKnownFileType = file.storyboard; name = Base; path = Base.lproj/Main.storyboard; sourceTree = "<group>"; };
		BCA5E1341B4A559300495402 /* Images.xcassets */ = {isa = PBXFileReference; lastKnownFileType = folder.assetcatalog; path = Images.xcassets; sourceTree = "<group>"; };
		BCA5E1371B4A559300495402 /* Base */ = {isa = PBXFileReference; lastKnownFileType = file.xib; name = Base; path = Base.lproj/LaunchScreen.xib; sourceTree = "<group>"; };
		BCA5E13D1B4A559300495402 /* A2WeiBoTests.xctest */ = {isa = PBXFileReference; explicitFileType = wrapper.cfbundle; includeInIndex = 0; path = A2WeiBoTests.xctest; sourceTree = BUILT_PRODUCTS_DIR; };
		BCA5E1421B4A559300495402 /* Info.plist */ = {isa = PBXFileReference; lastKnownFileType = text.plist.xml; path = Info.plist; sourceTree = "<group>"; };
		BCA5E1431B4A559300495402 /* A2WeiBoTests.m */ = {isa = PBXFileReference; lastKnownFileType = sourcecode.c.objc; path = A2WeiBoTests.m; sourceTree = "<group>"; };
		BCA5E14F1B4A55A600495402 /* 0.jpeg */ = {isa = PBXFileReference; lastKnownFileType = image.jpeg; path = 0.jpeg; sourceTree = "<group>"; };
		BCA5E1501B4A55A600495402 /* 1.jpeg */ = {isa = PBXFileReference; lastKnownFileType = image.jpeg; path = 1.jpeg; sourceTree = "<group>"; };
		BCA5E1511B4A55A600495402 /* 2.jpeg */ = {isa = PBXFileReference; lastKnownFileType = image.jpeg; path = 2.jpeg; sourceTree = "<group>"; };
		BCA5E1521B4A55A600495402 /* 3.jpeg */ = {isa = PBXFileReference; lastKnownFileType = image.jpeg; path = 3.jpeg; sourceTree = "<group>"; };
		BCA5E1531B4A55A600495402 /* 4.jpeg */ = {isa = PBXFileReference; lastKnownFileType = image.jpeg; path = 4.jpeg; sourceTree = "<group>"; };
		BCA5E1541B4A55A600495402 /* 5.jpeg */ = {isa = PBXFileReference; lastKnownFileType = image.jpeg; path = 5.jpeg; sourceTree = "<group>"; };
		BCA5E1551B4A55A600495402 /* 6.jpeg */ = {isa = PBXFileReference; lastKnownFileType = image.jpeg; path = 6.jpeg; sourceTree = "<group>"; };
		BCA5E1561B4A55A600495402 /* 7.jpeg */ = {isa = PBXFileReference; lastKnownFileType = image.jpeg; path = 7.jpeg; sourceTree = "<group>"; };
		BCA5E1581B4A55A600495402 /* 3e9f9ac0gw1etbxj63q2ag207n05me4f.gif */ = {isa = PBXFileReference; lastKnownFileType = image.gif; path = 3e9f9ac0gw1etbxj63q2ag207n05me4f.gif; sourceTree = "<group>"; };
		BCA5E1591B4A55A600495402 /* 4165f919gw1etaz2es7avj20c80c80to.jpg */ = {isa = PBXFileReference; lastKnownFileType = image.jpeg; path = 4165f919gw1etaz2es7avj20c80c80to.jpg; sourceTree = "<group>"; };
		BCA5E15A1B4A55A600495402 /* 66063a83jw1etbvnc4sobj20hs0hsjta.jpg */ = {isa = PBXFileReference; lastKnownFileType = image.jpeg; path = 66063a83jw1etbvnc4sobj20hs0hsjta.jpg; sourceTree = "<group>"; };
		BCA5E15B1B4A55A600495402 /* 6628711bgw1etbvbrzym1g207f05kb2c.png */ = {isa = PBXFileReference; lastKnownFileType = image.png; path = 6628711bgw1etbvbrzym1g207f05kb2c.png; sourceTree = "<group>"; };
		BCA5E15C1B4A55A600495402 /* 6ca014e5jw1etbxl.png */ = {isa = PBXFileReference; lastKnownFileType = image.png; path = 6ca014e5jw1etbxl.png; sourceTree = "<group>"; };
		BCA5E15D1B4A55A600495402 /* 6ca014e5jw1etbxlg8xprj20lc0motb.jpg */ = {isa = PBXFileReference; lastKnownFileType = image.jpeg; path = 6ca014e5jw1etbxlg8xprj20lc0motb.jpg; sourceTree = "<group>"; };
		BCA5E15E1B4A55A600495402 /* ab419720jw1etbuf2mf6aj20ku0pkq78.jpg */ = {isa = PBXFileReference; lastKnownFileType = image.jpeg; path = ab419720jw1etbuf2mf6aj20ku0pkq78.jpg; sourceTree = "<group>"; };
		BCA5E15F1B4A55A600495402 /* statuses.plist */ = {isa = PBXFileReference; fileEncoding = 4; lastKnownFileType = text.plist.xml; path = statuses.plist; sourceTree = "<group>"; };
		BCA5E1601B4A55A600495402 /* vip.png */ = {isa = PBXFileReference; lastKnownFileType = image.png; path = vip.png; sourceTree = "<group>"; };
		BCA5E1781B4A564200495402 /* YLStatusModel.h */ = {isa = PBXFileReference; fileEncoding = 4; lastKnownFileType = sourcecode.c.h; path = YLStatusModel.h; sourceTree = "<group>"; };
		BCA5E1791B4A564200495402 /* YLStatusModel.m */ = {isa = PBXFileReference; fileEncoding = 4; lastKnownFileType = sourcecode.c.objc; path = YLStatusModel.m; sourceTree = "<group>"; };
		BCA5E17B1B4A5BF400495402 /* YLStatusCell.h */ = {isa = PBXFileReference; fileEncoding = 4; lastKnownFileType = sourcecode.c.h; path = YLStatusCell.h; sourceTree = "<group>"; };
		BCA5E17C1B4A5BF400495402 /* YLStatusCell.m */ = {isa = PBXFileReference; fileEncoding = 4; lastKnownFileType = sourcecode.c.objc; path = YLStatusCell.m; sourceTree = "<group>"; };
/* End PBXFileReference section */

/* Begin PBXFrameworksBuildPhase section */
		BCA5E1211B4A559200495402 /* Frameworks */ = {
			isa = PBXFrameworksBuildPhase;
			buildActionMask = 2147483647;
			files = (
			);
			runOnlyForDeploymentPostprocessing = 0;
		};
		BCA5E13A1B4A559300495402 /* Frameworks */ = {
			isa = PBXFrameworksBuildPhase;
			buildActionMask = 2147483647;
			files = (
			);
			runOnlyForDeploymentPostprocessing = 0;
		};
/* End PBXFrameworksBuildPhase section */

/* Begin PBXGroup section */
		BCA5E11B1B4A559200495402 = {
			isa = PBXGroup;
			children = (
				BCA5E1261B4A559200495402 /* A2WeiBo */,
				BCA5E1401B4A559300495402 /* A2WeiBoTests */,
				BCA5E1251B4A559200495402 /* Products */,
			);
			sourceTree = "<group>";
		};
		BCA5E1251B4A559200495402 /* Products */ = {
			isa = PBXGroup;
			children = (
				BCA5E1241B4A559200495402 /* A2WeiBo.app */,
				BCA5E13D1B4A559300495402 /* A2WeiBoTests.xctest */,
			);
			name = Products;
			sourceTree = "<group>";
		};
		BCA5E1261B4A559200495402 /* A2WeiBo */ = {
			isa = PBXGroup;
			children = (
				BCA5E1741B4A55E500495402 /* Views */,
				BCA5E1731B4A55DC00495402 /* Controllers */,
				BCA5E1721B4A55D000495402 /* Models */,
				BCA5E14D1B4A55A600495402 /* 微博素材 */,
				BCA5E12B1B4A559200495402 /* AppDelegate.h */,
				BCA5E12C1B4A559200495402 /* AppDelegate.m */,
				BCA5E12E1B4A559200495402 /* ViewController.h */,
				BCA5E12F1B4A559200495402 /* ViewController.m */,
				BCA5E1311B4A559300495402 /* Main.storyboard */,
				BCA5E1341B4A559300495402 /* Images.xcassets */,
				BCA5E1361B4A559300495402 /* LaunchScreen.xib */,
				BCA5E1271B4A559200495402 /* Supporting Files */,
			);
			path = A2WeiBo;
			sourceTree = "<group>";
		};
		BCA5E1271B4A559200495402 /* Supporting Files */ = {
			isa = PBXGroup;
			children = (
				BCA5E1281B4A559200495402 /* Info.plist */,
				BCA5E1291B4A559200495402 /* main.m */,
			);
			name = "Supporting Files";
			sourceTree = "<group>";
		};
		BCA5E1401B4A559300495402 /* A2WeiBoTests */ = {
			isa = PBXGroup;
			children = (
				BCA5E1431B4A559300495402 /* A2WeiBoTests.m */,
				BCA5E1411B4A559300495402 /* Supporting Files */,
			);
			path = A2WeiBoTests;
			sourceTree = "<group>";
		};
		BCA5E1411B4A559300495402 /* Supporting Files */ = {
			isa = PBXGroup;
			children = (
				BCA5E1421B4A559300495402 /* Info.plist */,
			);
			name = "Supporting Files";
			sourceTree = "<group>";
		};
		BCA5E14D1B4A55A600495402 /* 微博素材 */ = {
			isa = PBXGroup;
			children = (
				BCA5E14E1B4A55A600495402 /* icon */,
				BCA5E1571B4A55A600495402 /* images */,
				BCA5E15F1B4A55A600495402 /* statuses.plist */,
				BCA5E1601B4A55A600495402 /* vip.png */,
			);
			path = "微博素材";
			sourceTree = "<group>";
		};
		BCA5E14E1B4A55A600495402 /* icon */ = {
			isa = PBXGroup;
			children = (
				BCA5E14F1B4A55A600495402 /* 0.jpeg */,
				BCA5E1501B4A55A600495402 /* 1.jpeg */,
				BCA5E1511B4A55A600495402 /* 2.jpeg */,
				BCA5E1521B4A55A600495402 /* 3.jpeg */,
				BCA5E1531B4A55A600495402 /* 4.jpeg */,
				BCA5E1541B4A55A600495402 /* 5.jpeg */,
				BCA5E1551B4A55A600495402 /* 6.jpeg */,
				BCA5E1561B4A55A600495402 /* 7.jpeg */,
			);
			path = icon;
			sourceTree = "<group>";
		};
		BCA5E1571B4A55A600495402 /* images */ = {
			isa = PBXGroup;
			children = (
				BCA5E1581B4A55A600495402 /* 3e9f9ac0gw1etbxj63q2ag207n05me4f.gif */,
				BCA5E1591B4A55A600495402 /* 4165f919gw1etaz2es7avj20c80c80to.jpg */,
				BCA5E15A1B4A55A600495402 /* 66063a83jw1etbvnc4sobj20hs0hsjta.jpg */,
				BCA5E15B1B4A55A600495402 /* 6628711bgw1etbvbrzym1g207f05kb2c.png */,
				BCA5E15C1B4A55A600495402 /* 6ca014e5jw1etbxl.png */,
				BCA5E15D1B4A55A600495402 /* 6ca014e5jw1etbxlg8xprj20lc0motb.jpg */,
				BCA5E15E1B4A55A600495402 /* ab419720jw1etbuf2mf6aj20ku0pkq78.jpg */,
			);
			path = images;
			sourceTree = "<group>";
		};
		BCA5E1721B4A55D000495402 /* Models */ = {
			isa = PBXGroup;
			children = (
				BCA5E1781B4A564200495402 /* YLStatusModel.h */,
				BCA5E1791B4A564200495402 /* YLStatusModel.m */,
			);
			name = Models;
			sourceTree = "<group>";
		};
		BCA5E1731B4A55DC00495402 /* Controllers */ = {
			isa = PBXGroup;
			children = (
			);
			name = Controllers;
			sourceTree = "<group>";
		};
		BCA5E1741B4A55E500495402 /* Views */ = {
			isa = PBXGroup;
			children = (
				BCA5E17B1B4A5BF400495402 /* YLStatusCell.h */,
				BCA5E17C1B4A5BF400495402 /* YLStatusCell.m */,
			);
			name = Views;
			sourceTree = "<group>";
		};
/* End PBXGroup section */

/* Begin PBXNativeTarget section */
		BCA5E1231B4A559200495402 /* A2WeiBo */ = {
			isa = PBXNativeTarget;
			buildConfigurationList = BCA5E1471B4A559300495402 /* Build configuration list for PBXNativeTarget "A2WeiBo" */;
			buildPhases = (
				BCA5E1201B4A559200495402 /* Sources */,
				BCA5E1211B4A559200495402 /* Frameworks */,
				BCA5E1221B4A559200495402 /* Resources */,
			);
			buildRules = (
			);
			dependencies = (
			);
			name = A2WeiBo;
			productName = A2WeiBo;
			productReference = BCA5E1241B4A559200495402 /* A2WeiBo.app */;
			productType = "com.apple.product-type.application";
		};
		BCA5E13C1B4A559300495402 /* A2WeiBoTests */ = {
			isa = PBXNativeTarget;
			buildConfigurationList = BCA5E14A1B4A559300495402 /* Build configuration list for PBXNativeTarget "A2WeiBoTests" */;
			buildPhases = (
				BCA5E1391B4A559300495402 /* Sources */,
				BCA5E13A1B4A559300495402 /* Frameworks */,
				BCA5E13B1B4A559300495402 /* Resources */,
			);
			buildRules = (
			);
			dependencies = (
				BCA5E13F1B4A559300495402 /* PBXTargetDependency */,
			);
			name = A2WeiBoTests;
			productName = A2WeiBoTests;
			productReference = BCA5E13D1B4A559300495402 /* A2WeiBoTests.xctest */;
			productType = "com.apple.product-type.bundle.unit-test";
		};
/* End PBXNativeTarget section */

/* Begin PBXProject section */
		BCA5E11C1B4A559200495402 /* Project object */ = {
			isa = PBXProject;
			attributes = {
				CLASSPREFIX = YL;
				LastUpgradeCheck = 0610;
				ORGANIZATIONNAME = yili;
				TargetAttributes = {
					BCA5E1231B4A559200495402 = {
						CreatedOnToolsVersion = 6.1;
					};
					BCA5E13C1B4A559300495402 = {
						CreatedOnToolsVersion = 6.1;
						TestTargetID = BCA5E1231B4A559200495402;
					};
				};
			};
			buildConfigurationList = BCA5E11F1B4A559200495402 /* Build configuration list for PBXProject "A2WeiBo" */;
			compatibilityVersion = "Xcode 3.2";
			developmentRegion = English;
			hasScannedForEncodings = 0;
			knownRegions = (
				en,
				Base,
			);
			mainGroup = BCA5E11B1B4A559200495402;
			productRefGroup = BCA5E1251B4A559200495402 /* Products */;
			projectDirPath = "";
			projectRoot = "";
			targets = (
				BCA5E1231B4A559200495402 /* A2WeiBo */,
				BCA5E13C1B4A559300495402 /* A2WeiBoTests */,
			);
		};
/* End PBXProject section */

/* Begin PBXResourcesBuildPhase section */
		BCA5E1221B4A559200495402 /* Resources */ = {
			isa = PBXResourcesBuildPhase;
			buildActionMask = 2147483647;
			files = (
				BCA5E1671B4A55A600495402 /* 6.jpeg in Resources */,
				BCA5E16D1B4A55A600495402 /* 6ca014e5jw1etbxl.png in Resources */,
				BCA5E16F1B4A55A600495402 /* ab419720jw1etbuf2mf6aj20ku0pkq78.jpg in Resources */,
				BCA5E1621B4A55A600495402 /* 1.jpeg in Resources */,
				BCA5E1331B4A559300495402 /* Main.storyboard in Resources */,
				BCA5E16C1B4A55A600495402 /* 6628711bgw1etbvbrzym1g207f05kb2c.png in Resources */,
				BCA5E1661B4A55A600495402 /* 5.jpeg in Resources */,
				BCA5E1691B4A55A600495402 /* 3e9f9ac0gw1etbxj63q2ag207n05me4f.gif in Resources */,
				BCA5E16E1B4A55A600495402 /* 6ca014e5jw1etbxlg8xprj20lc0motb.jpg in Resources */,
				BCA5E1631B4A55A600495402 /* 2.jpeg in Resources */,
				BCA5E1681B4A55A600495402 /* 7.jpeg in Resources */,
				BCA5E16B1B4A55A600495402 /* 66063a83jw1etbvnc4sobj20hs0hsjta.jpg in Resources */,
				BCA5E16A1B4A55A600495402 /* 4165f919gw1etaz2es7avj20c80c80to.jpg in Resources */,
				BCA5E1381B4A559300495402 /* LaunchScreen.xib in Resources */,
				BCA5E1611B4A55A600495402 /* 0.jpeg in Resources */,
				BCA5E1701B4A55A600495402 /* statuses.plist in Resources */,
				BCA5E1641B4A55A600495402 /* 3.jpeg in Resources */,
				BCA5E1711B4A55A600495402 /* vip.png in Resources */,
				BCA5E1651B4A55A600495402 /* 4.jpeg in Resources */,
				BCA5E1351B4A559300495402 /* Images.xcassets in Resources */,
			);
			runOnlyForDeploymentPostprocessing = 0;
		};
		BCA5E13B1B4A559300495402 /* Resources */ = {
			isa = PBXResourcesBuildPhase;
			buildActionMask = 2147483647;
			files = (
			);
			runOnlyForDeploymentPostprocessing = 0;
		};
/* End PBXResourcesBuildPhase section */

/* Begin PBXSourcesBuildPhase section */
		BCA5E1201B4A559200495402 /* Sources */ = {
			isa = PBXSourcesBuildPhase;
			buildActionMask = 2147483647;
			files = (
				BCA5E17A1B4A564200495402 /* YLStatusModel.m in Sources */,
				BCA5E1301B4A559200495402 /* ViewController.m in Sources */,
				BCA5E12D1B4A559200495402 /* AppDelegate.m in Sources */,
				BCA5E12A1B4A559200495402 /* main.m in Sources */,
				BCA5E17D1B4A5BF400495402 /* YLStatusCell.m in Sources */,
			);
			runOnlyForDeploymentPostprocessing = 0;
		};
		BCA5E1391B4A559300495402 /* Sources */ = {
			isa = PBXSourcesBuildPhase;
			buildActionMask = 2147483647;
			files = (
				BCA5E1441B4A559300495402 /* A2WeiBoTests.m in Sources */,
			);
			runOnlyForDeploymentPostprocessing = 0;
		};
/* End PBXSourcesBuildPhase section */

/* Begin PBXTargetDependency section */
		BCA5E13F1B4A559300495402 /* PBXTargetDependency */ = {
			isa = PBXTargetDependency;
			target = BCA5E1231B4A559200495402 /* A2WeiBo */;
			targetProxy = BCA5E13E1B4A559300495402 /* PBXContainerItemProxy */;
		};
/* End PBXTargetDependency section */

/* Begin PBXVariantGroup section */
		BCA5E1311B4A559300495402 /* Main.storyboard */ = {
			isa = PBXVariantGroup;
			children = (
				BCA5E1321B4A559300495402 /* Base */,
			);
			name = Main.storyboard;
			sourceTree = "<group>";
		};
		BCA5E1361B4A559300495402 /* LaunchScreen.xib */ = {
			isa = PBXVariantGroup;
			children = (
				BCA5E1371B4A559300495402 /* Base */,
			);
			name = LaunchScreen.xib;
			sourceTree = "<group>";
		};
/* End PBXVariantGroup section */

/* Begin XCBuildConfiguration section */
		BCA5E1451B4A559300495402 /* Debug */ = {
			isa = XCBuildConfiguration;
			buildSettings = {
				ALWAYS_SEARCH_USER_PATHS = NO;
				CLANG_CXX_LANGUAGE_STANDARD = "gnu++0x";
				CLANG_CXX_LIBRARY = "libc++";
				CLANG_ENABLE_MODULES = YES;
				CLANG_ENABLE_OBJC_ARC = YES;
				CLANG_WARN_BOOL_CONVERSION = YES;
				CLANG_WARN_CONSTANT_CONVERSION = YES;
				CLANG_WARN_DIRECT_OBJC_ISA_USAGE = YES_ERROR;
				CLANG_WARN_EMPTY_BODY = YES;
				CLANG_WARN_ENUM_CONVERSION = YES;
				CLANG_WARN_INT_CONVERSION = YES;
				CLANG_WARN_OBJC_ROOT_CLASS = YES_ERROR;
				CLANG_WARN_UNREACHABLE_CODE = YES;
				CLANG_WARN__DUPLICATE_METHOD_MATCH = YES;
				"CODE_SIGN_IDENTITY[sdk=iphoneos*]" = "iPhone Developer";
				COPY_PHASE_STRIP = NO;
				ENABLE_STRICT_OBJC_MSGSEND = YES;
				GCC_C_LANGUAGE_STANDARD = gnu99;
				GCC_DYNAMIC_NO_PIC = NO;
				GCC_OPTIMIZATION_LEVEL = 0;
				GCC_PREPROCESSOR_DEFINITIONS = (
					"DEBUG=1",
					"$(inherited)",
				);
				GCC_SYMBOLS_PRIVATE_EXTERN = NO;
				GCC_WARN_64_TO_32_BIT_CONVERSION = YES;
				GCC_WARN_ABOUT_RETURN_TYPE = YES_ERROR;
				GCC_WARN_UNDECLARED_SELECTOR = YES;
				GCC_WARN_UNINITIALIZED_AUTOS = YES_AGGRESSIVE;
				GCC_WARN_UNUSED_FUNCTION = YES;
				GCC_WARN_UNUSED_VARIABLE = YES;
				IPHONEOS_DEPLOYMENT_TARGET = 8.1;
				MTL_ENABLE_DEBUG_INFO = YES;
				ONLY_ACTIVE_ARCH = YES;
				SDKROOT = iphoneos;
			};
			name = Debug;
		};
		BCA5E1461B4A559300495402 /* Release */ = {
			isa = XCBuildConfiguration;
			buildSettings = {
				ALWAYS_SEARCH_USER_PATHS = NO;
				CLANG_CXX_LANGUAGE_STANDARD = "gnu++0x";
				CLANG_CXX_LIBRARY = "libc++";
				CLANG_ENABLE_MODULES = YES;
				CLANG_ENABLE_OBJC_ARC = YES;
				CLANG_WARN_BOOL_CONVERSION = YES;
				CLANG_WARN_CONSTANT_CONVERSION = YES;
				CLANG_WARN_DIRECT_OBJC_ISA_USAGE = YES_ERROR;
				CLANG_WARN_EMPTY_BODY = YES;
				CLANG_WARN_ENUM_CONVERSION = YES;
				CLANG_WARN_INT_CONVERSION = YES;
				CLANG_WARN_OBJC_ROOT_CLASS = YES_ERROR;
				CLANG_WARN_UNREACHABLE_CODE = YES;
				CLANG_WARN__DUPLICATE_METHOD_MATCH = YES;
				"CODE_SIGN_IDENTITY[sdk=iphoneos*]" = "iPhone Developer";
				COPY_PHASE_STRIP = YES;
				ENABLE_NS_ASSERTIONS = NO;
				ENABLE_STRICT_OBJC_MSGSEND = YES;
				GCC_C_LANGUAGE_STANDARD = gnu99;
				GCC_WARN_64_TO_32_BIT_CONVERSION = YES;
				GCC_WARN_ABOUT_RETURN_TYPE = YES_ERROR;
				GCC_WARN_UNDECLARED_SELECTOR = YES;
				GCC_WARN_UNINITIALIZED_AUTOS = YES_AGGRESSIVE;
				GCC_WARN_UNUSED_FUNCTION = YES;
				GCC_WARN_UNUSED_VARIABLE = YES;
				IPHONEOS_DEPLOYMENT_TARGET = 8.1;
				MTL_ENABLE_DEBUG_INFO = NO;
				SDKROOT = iphoneos;
				VALIDATE_PRODUCT = YES;
			};
			name = Release;
		};
		BCA5E1481B4A559300495402 /* Debug */ = {
			isa = XCBuildConfiguration;
			buildSettings = {
				ASSETCATALOG_COMPILER_APPICON_NAME = AppIcon;
				INFOPLIST_FILE = A2WeiBo/Info.plist;
				LD_RUNPATH_SEARCH_PATHS = "$(inherited) @executable_path/Frameworks";
				PRODUCT_NAME = "$(TARGET_NAME)";
			};
			name = Debug;
		};
		BCA5E1491B4A559300495402 /* Release */ = {
			isa = XCBuildConfiguration;
			buildSettings = {
				ASSETCATALOG_COMPILER_APPICON_NAME = AppIcon;
				INFOPLIST_FILE = A2WeiBo/Info.plist;
				LD_RUNPATH_SEARCH_PATHS = "$(inherited) @executable_path/Frameworks";
				PRODUCT_NAME = "$(TARGET_NAME)";
			};
			name = Release;
		};
		BCA5E14B1B4A559300495402 /* Debug */ = {
			isa = XCBuildConfiguration;
			buildSettings = {
				BUNDLE_LOADER = "$(TEST_HOST)";
				FRAMEWORK_SEARCH_PATHS = (
					"$(SDKROOT)/Developer/Library/Frameworks",
					"$(inherited)",
				);
				GCC_PREPROCESSOR_DEFINITIONS = (
					"DEBUG=1",
					"$(inherited)",
				);
				INFOPLIST_FILE = A2WeiBoTests/Info.plist;
				LD_RUNPATH_SEARCH_PATHS = "$(inherited) @executable_path/Frameworks @loader_path/Frameworks";
				PRODUCT_NAME = "$(TARGET_NAME)";
				TEST_HOST = "$(BUILT_PRODUCTS_DIR)/A2WeiBo.app/A2WeiBo";
			};
			name = Debug;
		};
		BCA5E14C1B4A559300495402 /* Release */ = {
			isa = XCBuildConfiguration;
			buildSettings = {
				BUNDLE_LOADER = "$(TEST_HOST)";
				FRAMEWORK_SEARCH_PATHS = (
					"$(SDKROOT)/Developer/Library/Frameworks",
					"$(inherited)",
				);
				INFOPLIST_FILE = A2WeiBoTests/Info.plist;
				LD_RUNPATH_SEARCH_PATHS = "$(inherited) @executable_path/Frameworks @loader_path/Frameworks";
				PRODUCT_NAME = "$(TARGET_NAME)";
				TEST_HOST = "$(BUILT_PRODUCTS_DIR)/A2WeiBo.app/A2WeiBo";
			};
			name = Release;
		};
/* End XCBuildConfiguration section */

/* Begin XCConfigurationList section */
		BCA5E11F1B4A559200495402 /* Build configuration list for PBXProject "A2WeiBo" */ = {
			isa = XCConfigurationList;
			buildConfigurations = (
				BCA5E1451B4A559300495402 /* Debug */,
				BCA5E1461B4A559300495402 /* Release */,
			);
			defaultConfigurationIsVisible = 0;
			defaultConfigurationName = Release;
		};
		BCA5E1471B4A559300495402 /* Build configuration list for PBXNativeTarget "A2WeiBo" */ = {
			isa = XCConfigurationList;
			buildConfigurations = (
				BCA5E1481B4A559300495402 /* Debug */,
				BCA5E1491B4A559300495402 /* Release */,
			);
			defaultConfigurationIsVisible = 0;
		};
		BCA5E14A1B4A559300495402 /* Build configuration list for PBXNativeTarget "A2WeiBoTests" */ = {
			isa = XCConfigurationList;
			buildConfigurations = (
				BCA5E14B1B4A559300495402 /* Debug */,
				BCA5E14C1B4A559300495402 /* Release */,
			);
			defaultConfigurationIsVisible = 0;
		};
/* End XCConfigurationList section */
	};
	rootObject = BCA5E11C1B4A559200495402 /* Project object */;
}
